{
  "name": "emdash-plugin-code-block-pro",
  "version": "0.1.0",
  "lockfileVersion": 3,
  "requires": true,
  "packages": {
    "": {
      "name": "emdash-plugin-code-block-pro",
      "version": "0.1.0",
      "devDependencies": {
        "@astrojs/node": "^10.1.1",
        "@astrojs/react": "^5.0.0",
        "@eslint/js": "^9.0.0",
        "@shikijs/engine-javascript": "^4.0.0",
        "@testing-library/dom": "^10.0.0",
        "@testing-library/jest-dom": "^6.9.1",
        "@testing-library/react": "^16.3.2",
        "@testing-library/user-event": "^14.6.1",
        "@types/react": "^18.0.0",
        "astro": "^6.0.0",
        "emdash": "^0.14.0",
        "eslint": "^9.0.0",
        "happy-dom": "^20.9.0",
        "react": "^18.0.0",
        "react-dom": "^18.0.0",
        "shiki": "^4.0.0",
        "typescript": "^5.0.0",
        "typescript-eslint": "^8.0.0",
        "vitest": "^4.1.7"
      },
      "peerDependencies": {
        "@shikijs/engine-javascript": "^4.0.0",
        "@types/react": "^18.0.0",
        "emdash": "^0.14.0",
        "react": "^18.0.0",
        "shiki": "^4.0.0"
      }
    },
    "../oatmeal-olive-instrument/node_modules/.pnpm/@astrojs+node@10.1.1_astro@6.3.6_@types+node@25.9.1_jiti@2.7.0_lightningcss@1.32.0_rollup@4.60.4_yaml@2.9.0_/node_modules/@astrojs/node": {
      "version": "10.1.1",
      "dev": true,
      "license": "MIT",
      "dependencies": {
        "@astrojs/internal-helpers": "0.9.1",
        "send": "^1.2.1",
        "server-destroy": "^1.0.1"
      },
      "devDependencies": {
        "@fastify/middie": "^9.1.0",
        "@fastify/static": "^9.0.0",
        "@types/express": "^5.0.6",
        "@types/node": "^22.10.6",
        "@types/send": "^1.2.1",
        "@types/server-destroy": "^1.0.4",
        "astro": "6.3.2",
        "astro-scripts": "0.0.14",
        "cheerio": "1.2.0",
        "devalue": "^5.6.3",
        "express": "^5.2.1",
        "fastify": "^5.7.4",
        "node-mocks-http": "^1.17.2"
      },
      "peerDependencies": {
        "astro": "^6.3.0"
      }
    },
    "../oatmeal-olive-instrument/node_modules/.pnpm/@astrojs+react@5.0.5_@types+node@25.9.1_@types+react-dom@19.2.3_@types+react@18.3.29__@_a060d975b552782669e72960ca73255d/node_modules/@astrojs/react": {
      "version": "5.0.5",
      "dev": true,
      "license": "MIT",
      "dependencies": {
        "@astrojs/internal-helpers": "0.9.1",
        "@vitejs/plugin-react": "^5.2.0",
        "devalue": "^5.6.4",
        "ultrahtml": "^1.6.0",
        "vite": "^7.3.2"
      },
      "devDependencies": {
        "@types/react": "^18.3.28",
        "@types/react-dom": "^18.3.7",
        "astro": "6.3.2",
        "astro-scripts": "0.0.14",
        "cheerio": "1.2.0",
        "react": "^18.3.1",
        "react-dom": "^18.3.1"
      },
      "engines": {
        "node": ">=22.12.0"
      },
      "peerDependencies": {
        "@types/react": "^17.0.50 || ^18.0.21 || ^19.0.0",
        "@types/react-dom": "^17.0.17 || ^18.0.6 || ^19.0.0",
        "react": "^17.0.2 || ^18.0.0 || ^19.0.0",
        "react-dom": "^17.0.2 || ^18.0.0 || ^19.0.0"
      }
    },
    "../oatmeal-olive-instrument/node_modules/.pnpm/@eslint+js@9.39.4/node_modules/@eslint/js": {
      "version": "9.39.4",
      "dev": true,
      "license": "MIT",
      "engines": {
        "node": "^18.18.0 || ^20.9.0 || >=21.1.0"
      },
      "funding": {
        "url": "https://eslint.org/donate"
      }
    },
    "../oatmeal-olive-instrument/node_modules/.pnpm/@shikijs+engine-javascript@4.1.0/node_modules/@shikijs/engine-javascript": {
      "version": "4.1.0",
      "dev": true,
      "license": "MIT",
      "dependencies": {
        "@shikijs/types": "4.1.0",
        "@shikijs/vscode-textmate": "^10.0.2",
        "oniguruma-to-es": "^4.3.6"
      },
      "engines": {
        "node": ">=20"
      }
    },
    "../oatmeal-olive-instrument/node_modules/.pnpm/@testing-library+dom@10.4.1/node_modules/@testing-library/dom": {
      "version": "10.4.1",
      "dev": true,
      "license": "MIT",
      "dependencies": {
        "@babel/code-frame": "^7.10.4",
        "@babel/runtime": "^7.12.5",
        "@types/aria-query": "^5.0.1",
        "aria-query": "5.3.0",
        "dom-accessibility-api": "^0.5.9",
        "lz-string": "^1.5.0",
        "picocolors": "1.1.1",
        "pretty-format": "^27.0.2"
      },
      "devDependencies": {
        "@testing-library/jest-dom": "^5.11.6",
        "browserslist": "4.21.8",
        "caniuse-lite": "1.0.30001502",
        "jest-in-case": "^1.0.2",
        "jest-snapshot-serializer-ansi": "^1.0.0",
        "jest-watch-select-projects": "^2.0.0",
        "jsdom": "20.0.0",
        "kcd-scripts": "^13.0.0",
        "typescript": "^4.1.2"
      },
      "engines": {
        "node": ">=18"
      }
    },
    "../oatmeal-olive-instrument/node_modules/.pnpm/@testing-library+jest-dom@6.9.1/node_modules/@testing-library/jest-dom": {
      "version": "6.9.1",
      "dev": true,
      "license": "MIT",
      "dependencies": {
        "@adobe/css-tools": "^4.4.0",
        "aria-query": "^5.0.0",
        "css.escape": "^1.5.1",
        "dom-accessibility-api": "^0.6.3",
        "picocolors": "^1.1.1",
        "redent": "^3.0.0"
      },
      "devDependencies": {
        "@jest/globals": "^29.6.2",
        "@rollup/plugin-commonjs": "^25.0.4",
        "@types/bun": "latest",
        "@types/web": "latest",
        "expect": "^29.6.2",
        "jest-environment-jsdom-sixteen": "^1.0.3",
        "jest-watch-select-projects": "^2.0.0",
        "jsdom": "^16.2.1",
        "kcd-scripts": "^14.0.0",
        "pretty-format": "^25.1.0",
        "rollup": "^3.28.1",
        "rollup-plugin-delete": "^2.0.0",
        "typescript": "^5.1.6",
        "vitest": "^0.34.1"
      },
      "engines": {
        "node": ">=14",
        "npm": ">=6",
        "yarn": ">=1"
      }
    },
    "../oatmeal-olive-instrument/node_modules/.pnpm/@testing-library+react@16.3.2_@testing-library+dom@10.4.1_@types+react-dom@19.2.3_@type_1d033ab5ecc21eca096f54e3f848672b/node_modules/@testing-library/react": {
      "version": "16.3.2",
      "dev": true,
      "license": "MIT",
      "dependencies": {
        "@babel/runtime": "^7.12.5"
      },
      "devDependencies": {
        "@testing-library/dom": "^10.0.0",
        "@testing-library/jest-dom": "^5.11.6",
        "@types/react": "^19.0.0",
        "@types/react-dom": "^19.0.0",
        "chalk": "^4.1.2",
        "dotenv-cli": "^4.0.0",
        "jest-diff": "^29.7.0",
        "kcd-scripts": "^13.0.0",
        "npm-run-all2": "^6.2.6",
        "react": "^19.0.0",
        "react-dom": "^19.0.0",
        "rimraf": "^3.0.2",
        "typescript": "^5.9.3"
      },
      "engines": {
        "node": ">=18"
      },
      "peerDependencies": {
        "@testing-library/dom": "^10.0.0",
        "@types/react": "^18.0.0 || ^19.0.0",
        "@types/react-dom": "^18.0.0 || ^19.0.0",
        "react": "^18.0.0 || ^19.0.0",
        "react-dom": "^18.0.0 || ^19.0.0"
      },
      "peerDependenciesMeta": {
        "@types/react": {
          "optional": true
        },
        "@types/react-dom": {
          "optional": true
        }
      }
    },
    "../oatmeal-olive-instrument/node_modules/.pnpm/@testing-library+user-event@14.6.1_@testing-library+dom@10.4.1/node_modules/@testing-library/user-event": {
      "version": "14.6.1",
      "dev": true,
      "license": "MIT",
      "devDependencies": {
        "@esbuild-plugins/node-modules-polyfill": "^0.2.2",
        "@ph.fritsche/scripts-config": "^2.4.0",
        "@ph.fritsche/toolbox": "^1.0.0-alpha.11",
        "@testing-library/dom": "^10.4.0",
        "@testing-library/jest-dom": "^5.16.3",
        "@testing-library/react": "^16.1.0",
        "@types/jest-in-case": "^1.0.3",
        "@types/react": "^18.0.25",
        "@types/sinonjs__fake-timers": "^8.1.2",
        "css.escape": "^1.5.1",
        "esbuild": "^0.19.10",
        "esbuild-plugin-globals": "^0.2.0",
        "eslint-import-resolver-typescript": "^3.5.2",
        "eslint-plugin-local-rules": "^1.3.2",
        "expect": "^28.1.3",
        "is-ci": "^3.0.1",
        "istanbul-lib-coverage": "^3.2.0",
        "istanbul-lib-report": "^3.0.0",
        "istanbul-lib-source-maps": "^4.0.1",
        "istanbul-reports": "^3.1.5",
        "jest-in-case": "^1.0.2",
        "jest-mock": "^28.1.3",
        "jest-serializer-ansi": "^1.0.3",
        "jsdom": "^20.0.3",
        "kcd-scripts": "^12.1.0",
        "react": "^18.0.0",
        "react-dom": "^18.0.0",
        "shared-scripts": "^1.5.1",
        "ts-node": "^10.9.1",
        "typescript": "^4.9.3"
      },
      "engines": {
        "node": ">=12",
        "npm": ">=6"
      },
      "peerDependencies": {
        "@testing-library/dom": ">=7.21.4"
      }
    },
    "../oatmeal-olive-instrument/node_modules/.pnpm/@types+react@18.3.29/node_modules/@types/react": {
      "version": "18.3.29",
      "dev": true,
      "license": "MIT",
      "dependencies": {
        "@types/prop-types": "*",
        "csstype": "^3.2.2"
      }
    },
    "../oatmeal-olive-instrument/node_modules/.pnpm/astro@6.3.6_@types+node@25.9.1_jiti@2.7.0_lightningcss@1.32.0_rollup@4.60.4_yaml@2.9.0/node_modules/astro": {
      "version": "6.3.6",
      "dev": true,
      "license": "MIT",
      "dependencies": {
        "@astrojs/compiler": "^4.0.0",
        "@astrojs/internal-helpers": "0.9.1",
        "@astrojs/markdown-remark": "7.1.2",
        "@astrojs/telemetry": "3.3.2",
        "@capsizecss/unpack": "^4.0.0",
        "@clack/prompts": "^1.1.0",
        "@oslojs/encoding": "^1.1.0",
        "@rollup/pluginutils": "^5.3.0",
        "aria-query": "^5.3.2",
        "axobject-query": "^4.1.0",
        "ci-info": "^4.4.0",
        "clsx": "^2.1.1",
        "common-ancestor-path": "^2.0.0",
        "cookie": "^1.1.1",
        "devalue": "^5.6.3",
        "diff": "^8.0.3",
        "dset": "^3.1.4",
        "es-module-lexer": "^2.0.0",
        "esbuild": "^0.27.3",
        "flattie": "^1.1.1",
        "fontace": "~0.4.1",
        "get-tsconfig": "5.0.0-beta.4",
        "github-slugger": "^2.0.0",
        "html-escaper": "3.0.3",
        "http-cache-semantics": "^4.2.0",
        "js-yaml": "^4.1.1",
        "jsonc-parser": "^3.3.1",
        "magic-string": "^0.30.21",
        "magicast": "^0.5.2",
        "mrmime": "^2.0.1",
        "neotraverse": "^0.6.18",
        "obug": "^2.1.1",
        "p-limit": "^7.3.0",
        "p-queue": "^9.1.0",
        "package-manager-detector": "^1.6.0",
        "piccolore": "^0.1.3",
        "picomatch": "^4.0.4",
        "rehype": "^13.0.2",
        "semver": "^7.7.4",
        "shiki": "^4.0.2",
        "smol-toml": "^1.6.0",
        "svgo": "^4.0.1",
        "tinyclip": "^0.1.12",
        "tinyexec": "^1.0.4",
        "tinyglobby": "^0.2.15",
        "ultrahtml": "^1.6.0",
        "unifont": "~0.7.4",
        "unist-util-visit": "^5.1.0",
        "unstorage": "^1.17.5",
        "vfile": "^6.0.3",
        "vite": "^7.3.2",
        "vitefu": "^1.1.2",
        "xxhash-wasm": "^1.1.0",
        "yargs-parser": "^22.0.0",
        "zod": "^4.3.6"
      },
      "bin": {
        "astro": "bin/astro.mjs"
      },
      "devDependencies": {
        "@astrojs/check": "0.9.9",
        "@astrojs/compiler-rs": "^0.1.6",
        "@playwright/test": "1.58.2",
        "@types/aria-query": "^5.0.4",
        "@types/hast": "^3.0.4",
        "@types/html-escaper": "3.0.4",
        "@types/http-cache-semantics": "^4.2.0",
        "@types/js-yaml": "^4.0.9",
        "@types/parse-srcset": "^1.0.0",
        "@types/picomatch": "^4.0.2",
        "@types/semver": "^7.7.1",
        "@types/yargs-parser": "^21.0.3",
        "astro-scripts": "0.0.14",
        "cheerio": "1.2.0",
        "eol": "^0.10.0",
        "expect-type": "^1.3.0",
        "fs-fixture": "^2.13.0",
        "hono": "^4.12.14",
        "mdast-util-mdx": "^3.0.0",
        "mdast-util-mdx-jsx": "^3.2.0",
        "node-mocks-http": "^1.17.2",
        "parse-srcset": "^1.0.2",
        "rehype-autolink-headings": "^7.1.0",
        "rehype-slug": "^6.0.0",
        "rehype-toc": "^3.0.2",
        "remark-code-titles": "^0.1.2",
        "rollup": "^4.58.0",
        "sass": "^1.98.0",
        "typescript": "^6.0.3",
        "undici": "^7.22.0",
        "unified": "^11.0.5",
        "vitest": "^4.1.0"
      },
      "engines": {
        "node": ">=22.12.0",
        "npm": ">=9.6.5",
        "pnpm": ">=7.1.0"
      },
      "funding": {
        "type": "opencollective",
        "url": "https://opencollective.com/astrodotbuild"
      },
      "optionalDependencies": {
        "sharp": "^0.34.0"
      }
    },
    "../oatmeal-olive-instrument/node_modules/.pnpm/emdash@0.14.0_@astrojs+react@5.0.5_@types+node@25.9.1_@types+react-dom@19.2.3_@types+re_0fa89fd9d21d9c24912927dfa94b8afd/node_modules/emdash": {
      "version": "0.14.0",
      "dev": true,
      "license": "MIT",
      "dependencies": {
        "@atcute/lexicons": "^1.3.0",
        "@atcute/multibase": "^1.2.0",
        "@emdash-cms/admin": "0.14.0",
        "@emdash-cms/auth": "0.14.0",
        "@emdash-cms/gutenberg-to-portable-text": "0.14.0",
        "@emdash-cms/plugin-types": "0.0.1",
        "@emdash-cms/registry-client": "0.1.0",
        "@floating-ui/react": "^0.27.16",
        "@modelcontextprotocol/sdk": "^1.26.0",
        "@oslojs/crypto": "^1.0.1",
        "@oslojs/encoding": "^1.1.0",
        "@portabletext/toolkit": "^5.0.1",
        "@tiptap/core": "^3.20.0",
        "@tiptap/extension-focus": "^3.20.0",
        "@tiptap/extension-image": "^3.20.0",
        "@tiptap/extension-link": "^3.20.0",
        "@tiptap/extension-placeholder": "^3.20.0",
        "@tiptap/extension-text-align": "^3.20.0",
        "@tiptap/extension-typography": "^3.20.0",
        "@tiptap/extension-underline": "^3.20.0",
        "@tiptap/react": "^3.20.0",
        "@tiptap/starter-kit": "^3.20.0",
        "@tiptap/suggestion": "^3.20.0",
        "@unpic/placeholder": "^0.1.2",
        "arctic": "^3.7.0",
        "astro-portabletext": "^0.11.0",
        "better-sqlite3": "^12.8.0",
        "blurhash": "^2.0.5",
        "citty": "^0.1.6",
        "consola": "^3.4.2",
        "croner": "^10.0.1",
        "image-size": "^2.0.2",
        "jose": "^6.1.3",
        "jpeg-js": "^0.4.4",
        "kysely": "^0.27.0",
        "mime": "^4.1.0",
        "modern-tar": "^0.7.5",
        "picocolors": "^1.1.1",
        "sanitize-html": "^2.17.1",
        "sax": "^1.4.1",
        "ulidx": "^2.4.1",
        "upng-js": "^2.1.0",
        "zod": "^4.4.1"
      },
      "bin": {
        "em": "dist/cli/index.mjs",
        "emdash": "dist/cli/index.mjs"
      },
      "devDependencies": {
        "@apidevtools/swagger-parser": "^12.1.0",
        "@arethetypeswrong/cli": "^0.18.2",
        "@emdash-cms/blocks": "0.14.0",
        "@types/better-sqlite3": "^7.6.12",
        "@types/pg": "^8.16.0",
        "@types/react": "19.2.14",
        "@types/sanitize-html": "^2.16.0",
        "@types/sax": "^1.2.7",
        "@vitest/ui": "^4.1.5",
        "publint": "0.3.17",
        "tsdown": "0.20.3",
        "typescript": "^6.0.3",
        "vite": "^6.0.0",
        "vitest": "^4.1.5",
        "zod-openapi": "^5.4.6"
      },
      "optionalDependencies": {
        "@libsql/kysely-libsql": "^0.4.0",
        "pg": "^8.0.0"
      },
      "peerDependencies": {
        "@astrojs/react": ">=5.0.0-beta.0",
        "@emdash-cms/auth-atproto": ">=0.2.7",
        "astro": ">=6.0.0-beta.0",
        "react": ">=18.0.0",
        "react-dom": ">=18.0.0"
      },
      "peerDependenciesMeta": {
        "@emdash-cms/auth-atproto": {
          "optional": true
        }
      }
    },
    "../oatmeal-olive-instrument/node_modules/.pnpm/eslint@9.39.4_jiti@2.7.0/node_modules/eslint": {
      "version": "9.39.4",
      "dev": true,
      "license": "MIT",
      "dependencies": {
        "@eslint-community/eslint-utils": "^4.8.0",
        "@eslint-community/regexpp": "^4.12.1",
        "@eslint/config-array": "^0.21.2",
        "@eslint/config-helpers": "^0.4.2",
        "@eslint/core": "^0.17.0",
        "@eslint/eslintrc": "^3.3.5",
        "@eslint/js": "9.39.4",
        "@eslint/plugin-kit": "^0.4.1",
        "@humanfs/node": "^0.16.6",
        "@humanwhocodes/module-importer": "^1.0.1",
        "@humanwhocodes/retry": "^0.4.2",
        "@types/estree": "^1.0.6",
        "ajv": "^6.14.0",
        "chalk": "^4.0.0",
        "cross-spawn": "^7.0.6",
        "debug": "^4.3.2",
        "escape-string-regexp": "^4.0.0",
        "eslint-scope": "^8.4.0",
        "eslint-visitor-keys": "^4.2.1",
        "espree": "^10.4.0",
        "esquery": "^1.5.0",
        "esutils": "^2.0.2",
        "fast-deep-equal": "^3.1.3",
        "file-entry-cache": "^8.0.0",
        "find-up": "^5.0.0",
        "glob-parent": "^6.0.2",
        "ignore": "^5.2.0",
        "imurmurhash": "^0.1.4",
        "is-glob": "^4.0.0",
        "json-stable-stringify-without-jsonify": "^1.0.1",
        "lodash.merge": "^4.6.2",
        "minimatch": "^3.1.5",
        "natural-compare": "^1.4.0",
        "optionator": "^0.9.3"
      },
      "bin": {
        "eslint": "bin/eslint.js"
      },
      "devDependencies": {
        "@arethetypeswrong/cli": "^0.18.0",
        "@babel/core": "^7.4.3",
        "@babel/preset-env": "^7.4.3",
        "@cypress/webpack-preprocessor": "^6.0.2",
        "@eslint/json": "^0.13.2",
        "@trunkio/launcher": "^1.3.4",
        "@types/esquery": "^1.5.4",
        "@types/node": "^22.13.14",
        "@typescript-eslint/parser": "^8.4.0",
        "babel-loader": "^8.0.5",
        "c8": "^7.12.0",
        "chai": "^4.0.1",
        "cheerio": "^0.22.0",
        "common-tags": "^1.8.0",
        "core-js": "^3.1.3",
        "cypress": "^14.1.0",
        "ejs": "^3.0.2",
        "eslint": "file:.",
        "eslint-config-eslint": "file:packages/eslint-config-eslint",
        "eslint-plugin-eslint-plugin": "^6.0.0",
        "eslint-plugin-expect-type": "^0.6.0",
        "eslint-plugin-yml": "^1.14.0",
        "eslint-release": "^3.3.0",
        "eslint-rule-composer": "^0.3.0",
        "eslump": "^3.0.0",
        "esprima": "^4.0.1",
        "fast-glob": "^3.2.11",
        "fs-teardown": "^0.1.3",
        "glob": "^10.0.0",
        "globals": "^16.2.0",
        "got": "^11.8.3",
        "gray-matter": "^4.0.3",
        "jiti": "^2.6.1",
        "jiti-v2.0": "npm:jiti@2.0.x",
        "jiti-v2.1": "npm:jiti@2.1.x",
        "knip": "^5.60.2",
        "lint-staged": "^11.0.0",
        "markdown-it": "^12.2.0",
        "markdown-it-container": "^3.0.0",
        "marked": "^4.0.8",
        "metascraper": "^5.25.7",
        "metascraper-description": "^5.25.7",
        "metascraper-image": "^5.29.3",
        "metascraper-logo": "^5.25.7",
        "metascraper-logo-favicon": "^5.25.7",
        "metascraper-title": "^5.25.7",
        "mocha": "^11.7.1",
        "node-polyfill-webpack-plugin": "^1.0.3",
        "npm-license": "^0.3.3",
        "pirates": "^4.0.5",
        "progress": "^2.0.3",
        "proxyquire": "^2.0.1",
        "recast": "^0.23.0",
        "regenerator-runtime": "^0.14.0",
        "semver": "^7.5.3",
        "shelljs": "^0.10.0",
        "sinon": "^11.0.0",
        "typescript": "^5.3.3",
        "webpack": "^5.23.0",
        "webpack-cli": "^4.5.0",
        "yorkie": "^2.0.0"
      },
      "engines": {
        "node": "^18.18.0 || ^20.9.0 || >=21.1.0"
      },
      "funding": {
        "url": "https://eslint.org/donate"
      },
      "peerDependencies": {
        "jiti": "*"
      },
      "peerDependenciesMeta": {
        "jiti": {
          "optional": true
        }
      }
    },
    "../oatmeal-olive-instrument/node_modules/.pnpm/happy-dom@20.9.0/node_modules/happy-dom": {
      "version": "20.9.0",
      "dev": true,
      "license": "MIT",
      "dependencies": {
        "@types/node": ">=20.0.0",
        "@types/whatwg-mimetype": "^3.0.2",
        "@types/ws": "^8.18.1",
        "entities": "^7.0.1",
        "whatwg-mimetype": "^3.0.0",
        "ws": "^8.18.3"
      },
      "devDependencies": {
        "@vitest/ui": "^4.0.16",
        "@webref/css": "6.6.2",
        "madge": "^8.0.0",
        "typescript": "^5.8.3",
        "vitest": "^4.0.16"
      },
      "engines": {
        "node": ">=20.0.0"
      }
    },
    "../oatmeal-olive-instrument/node_modules/.pnpm/react-dom@18.3.1_react@18.3.1/node_modules/react-dom": {
      "version": "18.3.1",
      "dev": true,
      "license": "MIT",
      "dependencies": {
        "loose-envify": "^1.1.0",
        "scheduler": "^0.23.2"
      },
      "peerDependencies": {
        "react": "^18.3.1"
      }
    },
    "../oatmeal-olive-instrument/node_modules/.pnpm/react@18.3.1/node_modules/react": {
      "version": "18.3.1",
      "dev": true,
      "license": "MIT",
      "dependencies": {
        "loose-envify": "^1.1.0"
      },
      "engines": {
        "node": ">=0.10.0"
      }
    },
    "../oatmeal-olive-instrument/node_modules/.pnpm/shiki@4.1.0/node_modules/shiki": {
      "version": "4.1.0",
      "dev": true,
      "license": "MIT",
      "dependencies": {
        "@shikijs/core": "4.1.0",
        "@shikijs/engine-javascript": "4.1.0",
        "@shikijs/engine-oniguruma": "4.1.0",
        "@shikijs/langs": "4.1.0",
        "@shikijs/themes": "4.1.0",
        "@shikijs/types": "4.1.0",
        "@shikijs/vscode-textmate": "^10.0.2",
        "@types/hast": "^3.0.4"
      },
      "devDependencies": {
        "rollup-plugin-copy": "^3.5.0",
        "tm-grammars": "^1.31.15",
        "tm-themes": "^1.12.2",
        "vscode-oniguruma": "1.7.0"
      },
      "engines": {
        "node": ">=20"
      }
    },
    "../oatmeal-olive-instrument/node_modules/.pnpm/typescript-eslint@8.59.4_eslint@9.39.4_jiti@2.7.0__typescript@5.9.3/node_modules/typescript-eslint": {
      "version": "8.59.4",
      "dev": true,
      "license": "MIT",
      "dependencies": {
        "@typescript-eslint/eslint-plugin": "8.59.4",
        "@typescript-eslint/parser": "8.59.4",
        "@typescript-eslint/typescript-estree": "8.59.4",
        "@typescript-eslint/utils": "8.59.4"
      },
      "devDependencies": {
        "@vitest/coverage-v8": "^4.0.18",
        "eslint": "^10.0.0",
        "rimraf": "^5.0.10",
        "typescript": ">=4.8.4 <6.1.0",
        "vitest": "^4.0.18"
      },
      "engines": {
        "node": "^18.18.0 || ^20.9.0 || >=21.1.0"
      },
      "funding": {
        "type": "opencollective",
        "url": "https://opencollective.com/typescript-eslint"
      },
      "peerDependencies": {
        "eslint": "^8.57.0 || ^9.0.0 || ^10.0.0",
        "typescript": ">=4.8.4 <6.1.0"
      }
    },
    "../oatmeal-olive-instrument/node_modules/.pnpm/typescript@5.9.3/node_modules/typescript": {
      "version": "5.9.3",
      "dev": true,
      "license": "Apache-2.0",
      "bin": {
        "tsc": "bin/tsc",
        "tsserver": "bin/tsserver"
      },
      "devDependencies": {
        "@dprint/formatter": "^0.4.1",
        "@dprint/typescript": "0.93.4",
        "@esfx/canceltoken": "^1.0.0",
        "@eslint/js": "^9.20.0",
        "@octokit/rest": "^21.1.1",
        "@types/chai": "^4.3.20",
        "@types/diff": "^7.0.1",
        "@types/minimist": "^1.2.5",
        "@types/mocha": "^10.0.10",
        "@types/ms": "^0.7.34",
        "@types/node": "latest",
        "@types/source-map-support": "^0.5.10",
        "@types/which": "^3.0.4",
        "@typescript-eslint/rule-tester": "^8.24.1",
        "@typescript-eslint/type-utils": "^8.24.1",
        "@typescript-eslint/utils": "^8.24.1",
        "azure-devops-node-api": "^14.1.0",
        "c8": "^10.1.3",
        "chai": "^4.5.0",
        "chokidar": "^4.0.3",
        "diff": "^7.0.0",
        "dprint": "^0.49.0",
        "esbuild": "^0.25.0",
        "eslint": "^9.20.1",
        "eslint-formatter-autolinkable-stylish": "^1.4.0",
        "eslint-plugin-regexp": "^2.7.0",
        "fast-xml-parser": "^4.5.2",
        "glob": "^10.4.5",
        "globals": "^15.15.0",
        "hereby": "^1.10.0",
        "jsonc-parser": "^3.3.1",
        "knip": "^5.44.4",
        "minimist": "^1.2.8",
        "mocha": "^10.8.2",
        "mocha-fivemat-progress-reporter": "^0.1.0",
        "monocart-coverage-reports": "^2.12.1",
        "ms": "^2.1.3",
        "picocolors": "^1.1.1",
        "playwright": "^1.50.1",
        "source-map-support": "^0.5.21",
        "tslib": "^2.8.1",
        "typescript": "^5.7.3",
        "typescript-eslint": "^8.24.1",
        "which": "^3.0.1"
      },
      "engines": {
        "node": ">=14.17"
      }
    },
    "../oatmeal-olive-instrument/node_modules/.pnpm/vitest@4.1.7_@types+node@25.9.1_happy-dom@20.9.0_vite@7.3.3_@types+node@25.9.1_jiti@2.7_c94173024ac2f89459ce824330d9859d/node_modules/vitest": {
      "version": "4.1.7",
      "dev": true,
      "license": "MIT",
      "dependencies": {
        "@vitest/expect": "4.1.7",
        "@vitest/mocker": "4.1.7",
        "@vitest/pretty-format": "4.1.7",
        "@vitest/runner": "4.1.7",
        "@vitest/snapshot": "4.1.7",
        "@vitest/spy": "4.1.7",
        "@vitest/utils": "4.1.7",
        "es-module-lexer": "^2.0.0",
        "expect-type": "^1.3.0",
        "magic-string": "^0.30.21",
        "obug": "^2.1.1",
        "pathe": "^2.0.3",
        "picomatch": "^4.0.3",
        "std-env": "^4.0.0-rc.1",
        "tinybench": "^2.9.0",
        "tinyexec": "^1.0.2",
        "tinyglobby": "^0.2.15",
        "tinyrainbow": "^3.1.0",
        "vite": "^6.0.0 || ^7.0.0 || ^8.0.0",
        "why-is-node-running": "^2.3.0"
      },
      "bin": {
        "vitest": "vitest.mjs"
      },
      "devDependencies": {
        "@antfu/install-pkg": "^1.1.0",
        "@bomb.sh/tab": "^0.0.14",
        "@edge-runtime/vm": "^5.0.0",
        "@jridgewell/trace-mapping": "0.3.31",
        "@opentelemetry/api": "^1.9.0",
        "@sinonjs/fake-timers": "15.0.0",
        "@types/estree": "^1.0.8",
        "@types/istanbul-lib-coverage": "^2.0.6",
        "@types/istanbul-reports": "^3.0.4",
        "@types/jsdom": "^27.0.0",
        "@types/node": "^24.12.0",
        "@types/picomatch": "^4.0.2",
        "@types/prompts": "^2.4.9",
        "@types/sinonjs__fake-timers": "^15.0.1",
        "acorn": "8.11.3",
        "acorn-walk": "^8.3.5",
        "birpc": "^4.0.0",
        "cac": "^6.7.14",
        "empathic": "^2.0.0",
        "flatted": "^3.4.2",
        "happy-dom": "^20.8.3",
        "jsdom": "^27.4.0",
        "local-pkg": "^1.1.2",
        "mime": "^4.1.0",
        "prompts": "^2.4.2",
        "strip-literal": "^3.1.0",
        "tinyhighlight": "^0.3.2",
        "ws": "^8.19.0"
      },
      "engines": {
        "node": "^20.0.0 || ^22.0.0 || >=24.0.0"
      },
      "funding": {
        "url": "https://opencollective.com/vitest"
      },
      "peerDependencies": {
        "@edge-runtime/vm": "*",
        "@opentelemetry/api": "^1.9.0",
        "@types/node": "^20.0.0 || ^22.0.0 || >=24.0.0",
        "@vitest/browser-playwright": "4.1.7",
        "@vitest/browser-preview": "4.1.7",
        "@vitest/browser-webdriverio": "4.1.7",
        "@vitest/coverage-istanbul": "4.1.7",
        "@vitest/coverage-v8": "4.1.7",
        "@vitest/ui": "4.1.7",
        "happy-dom": "*",
        "jsdom": "*",
        "vite": "^6.0.0 || ^7.0.0 || ^8.0.0"
      },
      "peerDependenciesMeta": {
        "@edge-runtime/vm": {
          "optional": true
        },
        "@opentelemetry/api": {
          "optional": true
        },
        "@types/node": {
          "optional": true
        },
        "@vitest/browser-playwright": {
          "optional": true
        },
        "@vitest/browser-preview": {
          "optional": true
        },
        "@vitest/browser-webdriverio": {
          "optional": true
        },
        "@vitest/coverage-istanbul": {
          "optional": true
        },
        "@vitest/coverage-v8": {
          "optional": true
        },
        "@vitest/ui": {
          "optional": true
        },
        "happy-dom": {
          "optional": true
        },
        "jsdom": {
          "optional": true
        },
        "vite": {
          "optional": false
        }
      }
    },
    "node_modules/@astrojs/node": {
      "resolved": "../oatmeal-olive-instrument/node_modules/.pnpm/@astrojs+node@10.1.1_astro@6.3.6_@types+node@25.9.1_jiti@2.7.0_lightningcss@1.32.0_rollup@4.60.4_yaml@2.9.0_/node_modules/@astrojs/node",
      "link": true
    },
    "node_modules/@astrojs/react": {
      "resolved": "../oatmeal-olive-instrument/node_modules/.pnpm/@astrojs+react@5.0.5_@types+node@25.9.1_@types+react-dom@19.2.3_@types+react@18.3.29__@_a060d975b552782669e72960ca73255d/node_modules/@astrojs/react",
      "link": true
    },
    "node_modules/@eslint/js": {
      "resolved": "../oatmeal-olive-instrument/node_modules/.pnpm/@eslint+js@9.39.4/node_modules/@eslint/js",
      "link": true
    },
    "node_modules/@shikijs/engine-javascript": {
      "resolved": "../oatmeal-olive-instrument/node_modules/.pnpm/@shikijs+engine-javascript@4.1.0/node_modules/@shikijs/engine-javascript",
      "link": true
    },
    "node_modules/@testing-library/dom": {
      "resolved": "../oatmeal-olive-instrument/node_modules/.pnpm/@testing-library+dom@10.4.1/node_modules/@testing-library/dom",
      "link": true
    },
    "node_modules/@testing-library/jest-dom": {
      "resolved": "../oatmeal-olive-instrument/node_modules/.pnpm/@testing-library+jest-dom@6.9.1/node_modules/@testing-library/jest-dom",
      "link": true
    },
    "node_modules/@testing-library/react": {
      "resolved": "../oatmeal-olive-instrument/node_modules/.pnpm/@testing-library+react@16.3.2_@testing-library+dom@10.4.1_@types+react-dom@19.2.3_@type_1d033ab5ecc21eca096f54e3f848672b/node_modules/@testing-library/react",
      "link": true
    },
    "node_modules/@testing-library/user-event": {
      "resolved": "../oatmeal-olive-instrument/node_modules/.pnpm/@testing-library+user-event@14.6.1_@testing-library+dom@10.4.1/node_modules/@testing-library/user-event",
      "link": true
    },
    "node_modules/@types/react": {
      "resolved": "../oatmeal-olive-instrument/node_modules/.pnpm/@types+react@18.3.29/node_modules/@types/react",
      "link": true
    },
    "node_modules/astro": {
      "resolved": "../oatmeal-olive-instrument/node_modules/.pnpm/astro@6.3.6_@types+node@25.9.1_jiti@2.7.0_lightningcss@1.32.0_rollup@4.60.4_yaml@2.9.0/node_modules/astro",
      "link": true
    },
    "node_modules/emdash": {
      "resolved": "../oatmeal-olive-instrument/node_modules/.pnpm/emdash@0.14.0_@astrojs+react@5.0.5_@types+node@25.9.1_@types+react-dom@19.2.3_@types+re_0fa89fd9d21d9c24912927dfa94b8afd/node_modules/emdash",
      "link": true
    },
    "node_modules/eslint": {
      "resolved": "../oatmeal-olive-instrument/node_modules/.pnpm/eslint@9.39.4_jiti@2.7.0/node_modules/eslint",
      "link": true
    },
    "node_modules/happy-dom": {
      "resolved": "../oatmeal-olive-instrument/node_modules/.pnpm/happy-dom@20.9.0/node_modules/happy-dom",
      "link": true
    },
    "node_modules/react": {
      "resolved": "../oatmeal-olive-instrument/node_modules/.pnpm/react@18.3.1/node_modules/react",
      "link": true
    },
    "node_modules/react-dom": {
      "resolved": "../oatmeal-olive-instrument/node_modules/.pnpm/react-dom@18.3.1_react@18.3.1/node_modules/react-dom",
      "link": true
    },
    "node_modules/shiki": {
      "resolved": "../oatmeal-olive-instrument/node_modules/.pnpm/shiki@4.1.0/node_modules/shiki",
      "link": true
    },
    "node_modules/typescript": {
      "resolved": "../oatmeal-olive-instrument/node_modules/.pnpm/typescript@5.9.3/node_modules/typescript",
      "link": true
    },
    "node_modules/typescript-eslint": {
      "resolved": "../oatmeal-olive-instrument/node_modules/.pnpm/typescript-eslint@8.59.4_eslint@9.39.4_jiti@2.7.0__typescript@5.9.3/node_modules/typescript-eslint",
      "link": true
    },
    "node_modules/vitest": {
      "resolved": "../oatmeal-olive-instrument/node_modules/.pnpm/vitest@4.1.7_@types+node@25.9.1_happy-dom@20.9.0_vite@7.3.3_@types+node@25.9.1_jiti@2.7_c94173024ac2f89459ce824330d9859d/node_modules/vitest",
      "link": true
    }
  }
}
